
Microsoft Visual Studio Solution File, Format Version 12.00
# Visual Studio Version 16
VisualStudioVersion = 16.0.810.14
MinimumVisualStudioVersion = 10.0.40219.1
Project("{FAE04EC0-301F-11D3-BF4B-00C04F79EFBC}") = "MoneyTracker", "MoneyTracker\MoneyTracker.csproj", "{73138073-B62F-451A-85F6-DB80C7B5C5A0}"
EndProject
Global
	GlobalSection(SolutionConfigurationPlatforms) = preSolution
		Debug|Any CPU = Debug|Any CPU
		Release|Any CPU = Release|Any CPU
	EndGlobalSection
	GlobalSection(ProjectConfigurationPlatforms) = postSolution
		{73138073-B62F-451A-85F6-DB80C7B5C5A0}.Debug|Any CPU.ActiveCfg = Debug|Any CPU
		{73138073-B62F-451A-85F6-DB80C7B5C5A0}.Debug|Any CPU.Build.0 = Debug|Any CPU
		{73138073-B62F-451A-85F6-DB80C7B5C5A0}.Release|Any CPU.ActiveCfg = Release|Any CPU
		{73138073-B62F-451A-85F6-DB80C7B5C5A0}.Release|Any CPU.Build.0 = Release|Any CPU
	EndGlobalSection
	GlobalSection(SolutionProperties) = preSolution
		HideSolutionNode = FALSE
	EndGlobalSection
	GlobalSection(ExtensibilityGlobals) = postSolution
		SolutionGuid = {5D4CF1CD-500D-4447-8B62-8659616F44AC}
	EndGlobalSection
EndGlobal
